{
  "name": "repro",
  "version": "1.0.0",
  "lockfileVersion": 2,
  "requires": true,
  "packages": {
    "": {
      "version": "1.0.0",
      "license": "ISC",
      "dependencies": {
        "jose": "^3.16.1"
      }
    },
    "node_modules/jose": {
      "version": "3.16.1",
      "resolved": "https://registry.npmjs.org/jose/-/jose-3.16.1.tgz",
      "integrity": "sha512-Dn/iku+Np0ggqWHmWQ127t6Uf7LFCLhCINN28lni1wX0NHDtSE3980baHz2tK1qn1ZFUL8t2m2yEScYyf3rgOw==",
      "funding": {
        "url": "https://github.com/sponsors/panva"
      }
    }
  },
  "dependencies": {
    "jose": {
      "version": "3.16.1",
      "resolved": "https://registry.npmjs.org/jose/-/jose-3.16.1.tgz",
      "integrity": "sha512-Dn/iku+Np0ggqWHmWQ127t6Uf7LFCLhCINN28lni1wX0NHDtSE3980baHz2tK1qn1ZFUL8t2m2yEScYyf3rgOw=="
    }
  }
}
